
Microsoft Visual Studio Solution File, Format Version 12.00
# Visual Studio Version 16
VisualStudioVersion = 16.0.30114.105
MinimumVisualStudioVersion = 10.0.40219.1
Project("{9A19103F-16F7-4668-BE54-9A1E7A4F7556}") = "SportAcademyManager.Domain", "SportAcademyManager.Domain\SportAcademyManager.Domain.csproj", "{C4E7ED28-9A0C-4993-A755-18D25920B80C}"
EndProject
Project("{FAE04EC0-301F-11D3-BF4B-00C04F79EFBC}") = "SportAcademyManager.Data", "SportAcademyManager.Data\SportAcademyManager.Data.csproj", "{AD759426-4A28-4B74-B441-2A1BDF7BF228}"
EndProject
Global
	GlobalSection(SolutionConfigurationPlatforms) = preSolution
		Debug|Any CPU = Debug|Any CPU
		Release|Any CPU = Release|Any CPU
	EndGlobalSection
	GlobalSection(ProjectConfigurationPlatforms) = postSolution
		{C4E7ED28-9A0C-4993-A755-18D25920B80C}.Debug|Any CPU.ActiveCfg = Debug|Any CPU
		{C4E7ED28-9A0C-4993-A755-18D25920B80C}.Debug|Any CPU.Build.0 = Debug|Any CPU
		{C4E7ED28-9A0C-4993-A755-18D25920B80C}.Release|Any CPU.ActiveCfg = Release|Any CPU
		{C4E7ED28-9A0C-4993-A755-18D25920B80C}.Release|Any CPU.Build.0 = Release|Any CPU
		{AD759426-4A28-4B74-B441-2A1BDF7BF228}.Debug|Any CPU.ActiveCfg = Debug|Any CPU
		{AD759426-4A28-4B74-B441-2A1BDF7BF228}.Debug|Any CPU.Build.0 = Debug|Any CPU
		{AD759426-4A28-4B74-B441-2A1BDF7BF228}.Release|Any CPU.ActiveCfg = Release|Any CPU
		{AD759426-4A28-4B74-B441-2A1BDF7BF228}.Release|Any CPU.Build.0 = Release|Any CPU
	EndGlobalSection
	GlobalSection(SolutionProperties) = preSolution
		HideSolutionNode = FALSE
	EndGlobalSection
	GlobalSection(ExtensibilityGlobals) = postSolution
		SolutionGuid = {36E95D06-619B-4A81-AE4F-FECD0A32218D}
	EndGlobalSection
EndGlobal
